// !$*UTF8*$!
{
	archiveVersion = 1;
	classes = {
	};
	objectVersion = 50;
	objects = {

/* Begin PBXBuildFile section */
		244C7D052783D9F700918A18 /* DoLinkList.m in Sources */ = {isa = PBXBuildFile; fileRef = 244C7D042783D9F700918A18 /* DoLinkList.m */; };
		2454153C277C813400DFC18E /* main.m in Sources */ = {isa = PBXBuildFile; fileRef = 2454153B277C813400DFC18E /* main.m */; };
		24541551277D594600DFC18E /* Triplet.m in Sources */ = {isa = PBXBuildFile; fileRef = 24541550277D594600DFC18E /* Triplet.m */; };
		2454155F277DA1BB00DFC18E /* LineList.m in Sources */ = {isa = PBXBuildFile; fileRef = 2454155E277DA1BB00DFC18E /* LineList.m */; };
		24807EBD277DD4F800DEF80A /* LineSqList.m in Sources */ = {isa = PBXBuildFile; fileRef = 24807EBC277DD4F800DEF80A /* LineSqList.m */; };
		24D1953B277EAF8E0084743B /* LinkList.m in Sources */ = {isa = PBXBuildFile; fileRef = 24D1953A277EAF8E0084743B /* LinkList.m */; };
		24F70C6F277EEBE70010312C /* SLinkList.m in Sources */ = {isa = PBXBuildFile; fileRef = 24F70C6E277EEBE70010312C /* SLinkList.m */; };
/* End PBXBuildFile section */

/* Begin PBXCopyFilesBuildPhase section */
		24541536277C813400DFC18E /* CopyFiles */ = {
			isa = PBXCopyFilesBuildPhase;
			buildActionMask = 2147483647;
			dstPath = /usr/share/man/man1/;
			dstSubfolderSpec = 0;
			files = (
			);
			runOnlyForDeploymentPostprocessing = 1;
		};
/* End PBXCopyFilesBuildPhase section */

/* Begin PBXFileReference section */
		244C7D042783D9F700918A18 /* DoLinkList.m */ = {isa = PBXFileReference; lastKnownFileType = sourcecode.c.objc; path = DoLinkList.m; sourceTree = "<group>"; };
		24541538277C813400DFC18E /* DataStructure */ = {isa = PBXFileReference; explicitFileType = "compiled.mach-o.executable"; includeInIndex = 0; path = DataStructure; sourceTree = BUILT_PRODUCTS_DIR; };
		2454153B277C813400DFC18E /* main.m */ = {isa = PBXFileReference; lastKnownFileType = sourcecode.c.objc; path = main.m; sourceTree = "<group>"; };
		24541543277C813A00DFC18E /* README.md */ = {isa = PBXFileReference; lastKnownFileType = net.daringfireball.markdown; name = README.md; path = ../README.md; sourceTree = "<group>"; };
		24541546277C818300DFC18E /* README.md */ = {isa = PBXFileReference; lastKnownFileType = net.daringfireball.markdown; path = README.md; sourceTree = "<group>"; };
		24541547277D47B100DFC18E /* 1-5.png */ = {isa = PBXFileReference; lastKnownFileType = image.png; path = "1-5.png"; sourceTree = "<group>"; };
		24541549277D489A00DFC18E /* 1-6.png */ = {isa = PBXFileReference; lastKnownFileType = image.png; path = "1-6.png"; sourceTree = "<group>"; };
		2454154A277D4DDA00DFC18E /* 1-7.png */ = {isa = PBXFileReference; lastKnownFileType = image.png; path = "1-7.png"; sourceTree = "<group>"; };
		2454154B277D4E9200DFC18E /* 1-8.png */ = {isa = PBXFileReference; lastKnownFileType = image.png; path = "1-8.png"; sourceTree = "<group>"; };
		24541550277D594600DFC18E /* Triplet.m */ = {isa = PBXFileReference; lastKnownFileType = sourcecode.c.objc; path = Triplet.m; sourceTree = "<group>"; };
		24541554277D59C100DFC18E /* UtilsHeader.h */ = {isa = PBXFileReference; lastKnownFileType = sourcecode.c.h; path = UtilsHeader.h; sourceTree = "<group>"; };
		24541557277D891F00DFC18E /* 1-9.png */ = {isa = PBXFileReference; lastKnownFileType = image.png; path = "1-9.png"; sourceTree = "<group>"; };
		24541558277D8C6C00DFC18E /* 1-10.png */ = {isa = PBXFileReference; lastKnownFileType = image.png; path = "1-10.png"; sourceTree = "<group>"; };
		2454155A277D8F6B00DFC18E /* README.md */ = {isa = PBXFileReference; lastKnownFileType = net.daringfireball.markdown; path = README.md; sourceTree = "<group>"; };
		2454155E277DA1BB00DFC18E /* LineList.m */ = {isa = PBXFileReference; lastKnownFileType = sourcecode.c.objc; path = LineList.m; sourceTree = "<group>"; };
		24807EBC277DD4F800DEF80A /* LineSqList.m */ = {isa = PBXFileReference; lastKnownFileType = sourcecode.c.objc; path = LineSqList.m; sourceTree = "<group>"; };
		24D19537277DD7AD0084743B /* assets */ = {isa = PBXFileReference; lastKnownFileType = folder; path = assets; sourceTree = "<group>"; };
		24D1953A277EAF8E0084743B /* LinkList.m */ = {isa = PBXFileReference; lastKnownFileType = sourcecode.c.objc; path = LinkList.m; sourceTree = "<group>"; };
		24F70C6E277EEBE70010312C /* SLinkList.m */ = {isa = PBXFileReference; lastKnownFileType = sourcecode.c.objc; path = SLinkList.m; sourceTree = "<group>"; };
/* End PBXFileReference section */

/* Begin PBXFrameworksBuildPhase section */
		24541535277C813400DFC18E /* Frameworks */ = {
			isa = PBXFrameworksBuildPhase;
			buildActionMask = 2147483647;
			files = (
			);
			runOnlyForDeploymentPostprocessing = 0;
		};
/* End PBXFrameworksBuildPhase section */

/* Begin PBXGroup section */
		2454152F277C813400DFC18E = {
			isa = PBXGroup;
			children = (
				24541553277D59AA00DFC18E /* Utils */,
				24541543277C813A00DFC18E /* README.md */,
				2454153A277C813400DFC18E /* DataStructure */,
				24541539277C813400DFC18E /* Products */,
			);
			sourceTree = "<group>";
		};
		24541539277C813400DFC18E /* Products */ = {
			isa = PBXGroup;
			children = (
				24541538277C813400DFC18E /* DataStructure */,
			);
			name = Products;
			sourceTree = "<group>";
		};
		2454153A277C813400DFC18E /* DataStructure */ = {
			isa = PBXGroup;
			children = (
				24541559277D8F4500DFC18E /* 第二章线性表 */,
				24541545277C816B00DFC18E /* 第一章绪论 */,
				2454153B277C813400DFC18E /* main.m */,
			);
			path = DataStructure;
			sourceTree = "<group>";
		};
		24541545277C816B00DFC18E /* 第一章绪论 */ = {
			isa = PBXGroup;
			children = (
				24541548277D47BC00DFC18E /* images */,
				24541546277C818300DFC18E /* README.md */,
				24541550277D594600DFC18E /* Triplet.m */,
			);
			path = "第一章绪论";
			sourceTree = "<group>";
		};
		24541548277D47BC00DFC18E /* images */ = {
			isa = PBXGroup;
			children = (
				24541558277D8C6C00DFC18E /* 1-10.png */,
				24541557277D891F00DFC18E /* 1-9.png */,
				2454154B277D4E9200DFC18E /* 1-8.png */,
				2454154A277D4DDA00DFC18E /* 1-7.png */,
				24541549277D489A00DFC18E /* 1-6.png */,
				24541547277D47B100DFC18E /* 1-5.png */,
			);
			path = images;
			sourceTree = "<group>";
		};
		24541553277D59AA00DFC18E /* Utils */ = {
			isa = PBXGroup;
			children = (
				24541554277D59C100DFC18E /* UtilsHeader.h */,
			);
			path = Utils;
			sourceTree = "<group>";
		};
		24541559277D8F4500DFC18E /* 第二章线性表 */ = {
			isa = PBXGroup;
			children = (
				2454155A277D8F6B00DFC18E /* README.md */,
				24D19537277DD7AD0084743B /* assets */,
				2454155E277DA1BB00DFC18E /* LineList.m */,
				24807EBC277DD4F800DEF80A /* LineSqList.m */,
				24D1953A277EAF8E0084743B /* LinkList.m */,
				24F70C6E277EEBE70010312C /* SLinkList.m */,
				244C7D042783D9F700918A18 /* DoLinkList.m */,
			);
			path = "第二章线性表";
			sourceTree = "<group>";
		};
/* End PBXGroup section */

/* Begin PBXNativeTarget section */
		24541537277C813400DFC18E /* DataStructure */ = {
			isa = PBXNativeTarget;
			buildConfigurationList = 2454153F277C813400DFC18E /* Build configuration list for PBXNativeTarget "DataStructure" */;
			buildPhases = (
				24541534277C813400DFC18E /* Sources */,
				24541535277C813400DFC18E /* Frameworks */,
				24541536277C813400DFC18E /* CopyFiles */,
			);
			buildRules = (
			);
			dependencies = (
			);
			name = DataStructure;
			productName = DataStructure;
			productReference = 24541538277C813400DFC18E /* DataStructure */;
			productType = "com.apple.product-type.tool";
		};
/* End PBXNativeTarget section */

/* Begin PBXProject section */
		24541530277C813400DFC18E /* Project object */ = {
			isa = PBXProject;
			attributes = {
				LastUpgradeCheck = 1240;
				TargetAttributes = {
					24541537277C813400DFC18E = {
						CreatedOnToolsVersion = 12.4;
					};
				};
			};
			buildConfigurationList = 24541533277C813400DFC18E /* Build configuration list for PBXProject "DataStructure" */;
			compatibilityVersion = "Xcode 9.3";
			developmentRegion = en;
			hasScannedForEncodings = 0;
			knownRegions = (
				en,
				Base,
			);
			mainGroup = 2454152F277C813400DFC18E;
			productRefGroup = 24541539277C813400DFC18E /* Products */;
			projectDirPath = "";
			projectRoot = "";
			targets = (
				24541537277C813400DFC18E /* DataStructure */,
			);
		};
/* End PBXProject section */

/* Begin PBXSourcesBuildPhase section */
		24541534277C813400DFC18E /* Sources */ = {
			isa = PBXSourcesBuildPhase;
			buildActionMask = 2147483647;
			files = (
				24541551277D594600DFC18E /* Triplet.m in Sources */,
				24F70C6F277EEBE70010312C /* SLinkList.m in Sources */,
				244C7D052783D9F700918A18 /* DoLinkList.m in Sources */,
				24807EBD277DD4F800DEF80A /* LineSqList.m in Sources */,
				2454155F277DA1BB00DFC18E /* LineList.m in Sources */,
				2454153C277C813400DFC18E /* main.m in Sources */,
				24D1953B277EAF8E0084743B /* LinkList.m in Sources */,
			);
			runOnlyForDeploymentPostprocessing = 0;
		};
/* End PBXSourcesBuildPhase section */

/* Begin XCBuildConfiguration section */
		2454153D277C813400DFC18E /* Debug */ = {
			isa = XCBuildConfiguration;
			buildSettings = {
				ALWAYS_SEARCH_USER_PATHS = NO;
				CLANG_ANALYZER_NONNULL = YES;
				CLANG_ANALYZER_NUMBER_OBJECT_CONVERSION = YES_AGGRESSIVE;
				CLANG_CXX_LANGUAGE_STANDARD = "gnu++14";
				CLANG_CXX_LIBRARY = "libc++";
				CLANG_ENABLE_MODULES = YES;
				CLANG_ENABLE_OBJC_ARC = YES;
				CLANG_ENABLE_OBJC_WEAK = YES;
				CLANG_WARN_BLOCK_CAPTURE_AUTORELEASING = YES;
				CLANG_WARN_BOOL_CONVERSION = YES;
				CLANG_WARN_COMMA = YES;
				CLANG_WARN_CONSTANT_CONVERSION = YES;
				CLANG_WARN_DEPRECATED_OBJC_IMPLEMENTATIONS = YES;
				CLANG_WARN_DIRECT_OBJC_ISA_USAGE = YES_ERROR;
				CLANG_WARN_DOCUMENTATION_COMMENTS = YES;
				CLANG_WARN_EMPTY_BODY = YES;
				CLANG_WARN_ENUM_CONVERSION = YES;
				CLANG_WARN_INFINITE_RECURSION = YES;
				CLANG_WARN_INT_CONVERSION = YES;
				CLANG_WARN_NON_LITERAL_NULL_CONVERSION = YES;
				CLANG_WARN_OBJC_IMPLICIT_RETAIN_SELF = YES;
				CLANG_WARN_OBJC_LITERAL_CONVERSION = YES;
				CLANG_WARN_OBJC_ROOT_CLASS = YES_ERROR;
				CLANG_WARN_QUOTED_INCLUDE_IN_FRAMEWORK_HEADER = YES;
				CLANG_WARN_RANGE_LOOP_ANALYSIS = YES;
				CLANG_WARN_STRICT_PROTOTYPES = YES;
				CLANG_WARN_SUSPICIOUS_MOVE = YES;
				CLANG_WARN_UNGUARDED_AVAILABILITY = YES_AGGRESSIVE;
				CLANG_WARN_UNREACHABLE_CODE = YES;
				CLANG_WARN__DUPLICATE_METHOD_MATCH = YES;
				COPY_PHASE_STRIP = NO;
				DEBUG_INFORMATION_FORMAT = dwarf;
				ENABLE_STRICT_OBJC_MSGSEND = YES;
				ENABLE_TESTABILITY = YES;
				GCC_C_LANGUAGE_STANDARD = gnu11;
				GCC_DYNAMIC_NO_PIC = NO;
				GCC_NO_COMMON_BLOCKS = YES;
				GCC_OPTIMIZATION_LEVEL = 0;
				GCC_PREPROCESSOR_DEFINITIONS = (
					"DEBUG=1",
					"$(inherited)",
				);
				GCC_WARN_64_TO_32_BIT_CONVERSION = YES;
				GCC_WARN_ABOUT_RETURN_TYPE = YES_ERROR;
				GCC_WARN_UNDECLARED_SELECTOR = YES;
				GCC_WARN_UNINITIALIZED_AUTOS = YES_AGGRESSIVE;
				GCC_WARN_UNUSED_FUNCTION = YES;
				GCC_WARN_UNUSED_VARIABLE = YES;
				MACOSX_DEPLOYMENT_TARGET = 10.15;
				MTL_ENABLE_DEBUG_INFO = INCLUDE_SOURCE;
				MTL_FAST_MATH = YES;
				ONLY_ACTIVE_ARCH = YES;
				SDKROOT = macosx;
				SKIP_INSTALL = YES;
				STRIP_INSTALLED_PRODUCT = NO;
			};
			name = Debug;
		};
		2454153E277C813400DFC18E /* Release */ = {
			isa = XCBuildConfiguration;
			buildSettings = {
				ALWAYS_SEARCH_USER_PATHS = NO;
				CLANG_ANALYZER_NONNULL = YES;
				CLANG_ANALYZER_NUMBER_OBJECT_CONVERSION = YES_AGGRESSIVE;
				CLANG_CXX_LANGUAGE_STANDARD = "gnu++14";
				CLANG_CXX_LIBRARY = "libc++";
				CLANG_ENABLE_MODULES = YES;
				CLANG_ENABLE_OBJC_ARC = YES;
				CLANG_ENABLE_OBJC_WEAK = YES;
				CLANG_WARN_BLOCK_CAPTURE_AUTORELEASING = YES;
				CLANG_WARN_BOOL_CONVERSION = YES;
				CLANG_WARN_COMMA = YES;
				CLANG_WARN_CONSTANT_CONVERSION = YES;
				CLANG_WARN_DEPRECATED_OBJC_IMPLEMENTATIONS = YES;
				CLANG_WARN_DIRECT_OBJC_ISA_USAGE = YES_ERROR;
				CLANG_WARN_DOCUMENTATION_COMMENTS = YES;
				CLANG_WARN_EMPTY_BODY = YES;
				CLANG_WARN_ENUM_CONVERSION = YES;
				CLANG_WARN_INFINITE_RECURSION = YES;
				CLANG_WARN_INT_CONVERSION = YES;
				CLANG_WARN_NON_LITERAL_NULL_CONVERSION = YES;
				CLANG_WARN_OBJC_IMPLICIT_RETAIN_SELF = YES;
				CLANG_WARN_OBJC_LITERAL_CONVERSION = YES;
				CLANG_WARN_OBJC_ROOT_CLASS = YES_ERROR;
				CLANG_WARN_QUOTED_INCLUDE_IN_FRAMEWORK_HEADER = YES;
				CLANG_WARN_RANGE_LOOP_ANALYSIS = YES;
				CLANG_WARN_STRICT_PROTOTYPES = YES;
				CLANG_WARN_SUSPICIOUS_MOVE = YES;
				CLANG_WARN_UNGUARDED_AVAILABILITY = YES_AGGRESSIVE;
				CLANG_WARN_UNREACHABLE_CODE = YES;
				CLANG_WARN__DUPLICATE_METHOD_MATCH = YES;
				COPY_PHASE_STRIP = NO;
				DEBUG_INFORMATION_FORMAT = "dwarf-with-dsym";
				ENABLE_NS_ASSERTIONS = NO;
				ENABLE_STRICT_OBJC_MSGSEND = YES;
				GCC_C_LANGUAGE_STANDARD = gnu11;
				GCC_NO_COMMON_BLOCKS = YES;
				GCC_WARN_64_TO_32_BIT_CONVERSION = YES;
				GCC_WARN_ABOUT_RETURN_TYPE = YES_ERROR;
				GCC_WARN_UNDECLARED_SELECTOR = YES;
				GCC_WARN_UNINITIALIZED_AUTOS = YES_AGGRESSIVE;
				GCC_WARN_UNUSED_FUNCTION = YES;
				GCC_WARN_UNUSED_VARIABLE = YES;
				MACOSX_DEPLOYMENT_TARGET = 10.15;
				MTL_ENABLE_DEBUG_INFO = NO;
				MTL_FAST_MATH = YES;
				SDKROOT = macosx;
				SKIP_INSTALL = YES;
				STRIP_INSTALLED_PRODUCT = NO;
			};
			name = Release;
		};
		24541540277C813400DFC18E /* Debug */ = {
			isa = XCBuildConfiguration;
			buildSettings = {
				CODE_SIGN_STYLE = Automatic;
				PRODUCT_NAME = "$(TARGET_NAME)";
				SKIP_INSTALL = YES;
				STRIP_INSTALLED_PRODUCT = YES;
			};
			name = Debug;
		};
		24541541277C813400DFC18E /* Release */ = {
			isa = XCBuildConfiguration;
			buildSettings = {
				CODE_SIGN_STYLE = Automatic;
				PRODUCT_NAME = "$(TARGET_NAME)";
				SKIP_INSTALL = YES;
				STRIP_INSTALLED_PRODUCT = YES;
			};
			name = Release;
		};
/* End XCBuildConfiguration section */

/* Begin XCConfigurationList section */
		24541533277C813400DFC18E /* Build configuration list for PBXProject "DataStructure" */ = {
			isa = XCConfigurationList;
			buildConfigurations = (
				2454153D277C813400DFC18E /* Debug */,
				2454153E277C813400DFC18E /* Release */,
			);
			defaultConfigurationIsVisible = 0;
			defaultConfigurationName = Release;
		};
		2454153F277C813400DFC18E /* Build configuration list for PBXNativeTarget "DataStructure" */ = {
			isa = XCConfigurationList;
			buildConfigurations = (
				24541540277C813400DFC18E /* Debug */,
				24541541277C813400DFC18E /* Release */,
			);
			defaultConfigurationIsVisible = 0;
			defaultConfigurationName = Release;
		};
/* End XCConfigurationList section */
	};
	rootObject = 24541530277C813400DFC18E /* Project object */;
}
